
Microsoft Visual Studio Solution File, Format Version 12.00
# Visual Studio Version 16
VisualStudioVersion = 16.0.30621.155
MinimumVisualStudioVersion = 10.0.40219.1
Project("{FAE04EC0-301F-11D3-BF4B-00C04F79EFBC}") = "TestDllCaller", "TestDllCaller\TestDllCaller.csproj", "{416014D8-823D-4F90-80A4-32BA235D6568}"
EndProject
Project("{FAE04EC0-301F-11D3-BF4B-00C04F79EFBC}") = "TestDLL", "TestDLL\TestDLL.csproj", "{72411071-6B34-41A1-8D53-C5F5E7447B49}"
EndProject
Global
	GlobalSection(SolutionConfigurationPlatforms) = preSolution
		Debug|Any CPU = Debug|Any CPU
		Release|Any CPU = Release|Any CPU
	EndGlobalSection
	GlobalSection(ProjectConfigurationPlatforms) = postSolution
		{416014D8-823D-4F90-80A4-32BA235D6568}.Debug|Any CPU.ActiveCfg = Debug|Any CPU
		{416014D8-823D-4F90-80A4-32BA235D6568}.Debug|Any CPU.Build.0 = Debug|Any CPU
		{416014D8-823D-4F90-80A4-32BA235D6568}.Release|Any CPU.ActiveCfg = Release|Any CPU
		{416014D8-823D-4F90-80A4-32BA235D6568}.Release|Any CPU.Build.0 = Release|Any CPU
		{72411071-6B34-41A1-8D53-C5F5E7447B49}.Debug|Any CPU.ActiveCfg = Debug|Any CPU
		{72411071-6B34-41A1-8D53-C5F5E7447B49}.Debug|Any CPU.Build.0 = Debug|Any CPU
		{72411071-6B34-41A1-8D53-C5F5E7447B49}.Release|Any CPU.ActiveCfg = Release|Any CPU
		{72411071-6B34-41A1-8D53-C5F5E7447B49}.Release|Any CPU.Build.0 = Release|Any CPU
	EndGlobalSection
	GlobalSection(SolutionProperties) = preSolution
		HideSolutionNode = FALSE
	EndGlobalSection
	GlobalSection(ExtensibilityGlobals) = postSolution
		SolutionGuid = {8BC9CD35-28AE-408C-99F7-0E122FA73CAA}
	EndGlobalSection
EndGlobal
